// !$*UTF8*$!
{
	archiveVersion = 1;
	classes = {
	};
	objectVersion = 50;
	objects = {

/* Begin PBXBuildFile section */
		8F96F734233F881300BE0F54 /* AppDelegate.swift in Sources */ = {isa = PBXBuildFile; fileRef = 8F96F733233F881300BE0F54 /* AppDelegate.swift */; };
		8F96F736233F881300BE0F54 /* ViewController.swift in Sources */ = {isa = PBXBuildFile; fileRef = 8F96F735233F881300BE0F54 /* ViewController.swift */; };
		8F96F739233F881300BE0F54 /* Main.storyboard in Resources */ = {isa = PBXBuildFile; fileRef = 8F96F737233F881300BE0F54 /* Main.storyboard */; };
		8F96F73B233F881600BE0F54 /* Assets.xcassets in Resources */ = {isa = PBXBuildFile; fileRef = 8F96F73A233F881600BE0F54 /* Assets.xcassets */; };
		8F96F73E233F881600BE0F54 /* LaunchScreen.storyboard in Resources */ = {isa = PBXBuildFile; fileRef = 8F96F73C233F881600BE0F54 /* LaunchScreen.storyboard */; };
		8F96F749233F881600BE0F54 /* warminTests.swift in Sources */ = {isa = PBXBuildFile; fileRef = 8F96F748233F881600BE0F54 /* warminTests.swift */; };
/* End PBXBuildFile section */

/* Begin PBXContainerItemProxy section */
		8F96F745233F881600BE0F54 /* PBXContainerItemProxy */ = {
			isa = PBXContainerItemProxy;
			containerPortal = 8F96F728233F881300BE0F54 /* Project object */;
			proxyType = 1;
			remoteGlobalIDString = 8F96F72F233F881300BE0F54;
			remoteInfo = warmin;
		};
/* End PBXContainerItemProxy section */

/* Begin PBXFileReference section */
		8F96F730233F881300BE0F54 /* warmin.app */ = {isa = PBXFileReference; explicitFileType = wrapper.application; includeInIndex = 0; path = warmin.app; sourceTree = BUILT_PRODUCTS_DIR; };
		8F96F733233F881300BE0F54 /* AppDelegate.swift */ = {isa = PBXFileReference; lastKnownFileType = sourcecode.swift; path = AppDelegate.swift; sourceTree = "<group>"; };
		8F96F735233F881300BE0F54 /* ViewController.swift */ = {isa = PBXFileReference; lastKnownFileType = sourcecode.swift; path = ViewController.swift; sourceTree = "<group>"; };
		8F96F738233F881300BE0F54 /* Base */ = {isa = PBXFileReference; lastKnownFileType = file.storyboard; name = Base; path = Base.lproj/Main.storyboard; sourceTree = "<group>"; };
		8F96F73A233F881600BE0F54 /* Assets.xcassets */ = {isa = PBXFileReference; lastKnownFileType = folder.assetcatalog; path = Assets.xcassets; sourceTree = "<group>"; };
		8F96F73D233F881600BE0F54 /* Base */ = {isa = PBXFileReference; lastKnownFileType = file.storyboard; name = Base; path = Base.lproj/LaunchScreen.storyboard; sourceTree = "<group>"; };
		8F96F73F233F881600BE0F54 /* Info.plist */ = {isa = PBXFileReference; lastKnownFileType = text.plist.xml; path = Info.plist; sourceTree = "<group>"; };
		8F96F744233F881600BE0F54 /* warminTests.xctest */ = {isa = PBXFileReference; explicitFileType = wrapper.cfbundle; includeInIndex = 0; path = warminTests.xctest; sourceTree = BUILT_PRODUCTS_DIR; };
		8F96F748233F881600BE0F54 /* warminTests.swift */ = {isa = PBXFileReference; lastKnownFileType = sourcecode.swift; path = warminTests.swift; sourceTree = "<group>"; };
		8F96F74A233F881600BE0F54 /* Info.plist */ = {isa = PBXFileReference; lastKnownFileType = text.plist.xml; path = Info.plist; sourceTree = "<group>"; };
/* End PBXFileReference section */

/* Begin PBXFrameworksBuildPhase section */
		8F96F72D233F881300BE0F54 /* Frameworks */ = {
			isa = PBXFrameworksBuildPhase;
			buildActionMask = 2147483647;
			files = (
			);
			runOnlyForDeploymentPostprocessing = 0;
		};
		8F96F741233F881600BE0F54 /* Frameworks */ = {
			isa = PBXFrameworksBuildPhase;
			buildActionMask = 2147483647;
			files = (
			);
			runOnlyForDeploymentPostprocessing = 0;
		};
/* End PBXFrameworksBuildPhase section */

/* Begin PBXGroup section */
		8F96F727233F881300BE0F54 = {
			isa = PBXGroup;
			children = (
				8F96F732233F881300BE0F54 /* warmin */,
				8F96F747233F881600BE0F54 /* warminTests */,
				8F96F731233F881300BE0F54 /* Products */,
			);
			sourceTree = "<group>";
		};
		8F96F731233F881300BE0F54 /* Products */ = {
			isa = PBXGroup;
			children = (
				8F96F730233F881300BE0F54 /* warmin.app */,
				8F96F744233F881600BE0F54 /* warminTests.xctest */,
			);
			name = Products;
			sourceTree = "<group>";
		};
		8F96F732233F881300BE0F54 /* warmin */ = {
			isa = PBXGroup;
			children = (
				8F96F733233F881300BE0F54 /* AppDelegate.swift */,
				8F96F735233F881300BE0F54 /* ViewController.swift */,
				8F96F737233F881300BE0F54 /* Main.storyboard */,
				8F96F73A233F881600BE0F54 /* Assets.xcassets */,
				8F96F73C233F881600BE0F54 /* LaunchScreen.storyboard */,
				8F96F73F233F881600BE0F54 /* Info.plist */,
			);
			path = warmin;
			sourceTree = "<group>";
		};
		8F96F747233F881600BE0F54 /* warminTests */ = {
			isa = PBXGroup;
			children = (
				8F96F748233F881600BE0F54 /* warminTests.swift */,
				8F96F74A233F881600BE0F54 /* Info.plist */,
			);
			path = warminTests;
			sourceTree = "<group>";
		};
/* End PBXGroup section */

/* Begin PBXNativeTarget section */
		8F96F72F233F881300BE0F54 /* warmin */ = {
			isa = PBXNativeTarget;
			buildConfigurationList = 8F96F74D233F881600BE0F54 /* Build configuration list for PBXNativeTarget "warmin" */;
			buildPhases = (
				8F96F72C233F881300BE0F54 /* Sources */,
				8F96F72D233F881300BE0F54 /* Frameworks */,
				8F96F72E233F881300BE0F54 /* Resources */,
			);
			buildRules = (
			);
			dependencies = (
			);
			name = warmin;
			productName = warmin;
			productReference = 8F96F730233F881300BE0F54 /* warmin.app */;
			productType = "com.apple.product-type.application";
		};
		8F96F743233F881600BE0F54 /* warminTests */ = {
			isa = PBXNativeTarget;
			buildConfigurationList = 8F96F750233F881600BE0F54 /* Build configuration list for PBXNativeTarget "warminTests" */;
			buildPhases = (
				8F96F740233F881600BE0F54 /* Sources */,
				8F96F741233F881600BE0F54 /* Frameworks */,
				8F96F742233F881600BE0F54 /* Resources */,
			);
			buildRules = (
			);
			dependencies = (
				8F96F746233F881600BE0F54 /* PBXTargetDependency */,
			);
			name = warminTests;
			productName = warminTests;
			productReference = 8F96F744233F881600BE0F54 /* warminTests.xctest */;
			productType = "com.apple.product-type.bundle.unit-test";
		};
/* End PBXNativeTarget section */

/* Begin PBXProject section */
		8F96F728233F881300BE0F54 /* Project object */ = {
			isa = PBXProject;
			attributes = {
				LastSwiftUpdateCheck = 1030;
				LastUpgradeCheck = 1030;
				ORGANIZATIONNAME = Kubit;
				TargetAttributes = {
					8F96F72F233F881300BE0F54 = {
						CreatedOnToolsVersion = 10.3;
					};
					8F96F743233F881600BE0F54 = {
						CreatedOnToolsVersion = 10.3;
						TestTargetID = 8F96F72F233F881300BE0F54;
					};
				};
			};
			buildConfigurationList = 8F96F72B233F881300BE0F54 /* Build configuration list for PBXProject "warmin" */;
			compatibilityVersion = "Xcode 9.3";
			developmentRegion = en;
			hasScannedForEncodings = 0;
			knownRegions = (
				en,
				Base,
			);
			mainGroup = 8F96F727233F881300BE0F54;
			productRefGroup = 8F96F731233F881300BE0F54 /* Products */;
			projectDirPath = "";
			projectRoot = "";
			targets = (
				8F96F72F233F881300BE0F54 /* warmin */,
				8F96F743233F881600BE0F54 /* warminTests */,
			);
		};
/* End PBXProject section */

/* Begin PBXResourcesBuildPhase section */
		8F96F72E233F881300BE0F54 /* Resources */ = {
			isa = PBXResourcesBuildPhase;
			buildActionMask = 2147483647;
			files = (
				8F96F73E233F881600BE0F54 /* LaunchScreen.storyboard in Resources */,
				8F96F73B233F881600BE0F54 /* Assets.xcassets in Resources */,
				8F96F739233F881300BE0F54 /* Main.storyboard in Resources */,
			);
			runOnlyForDeploymentPostprocessing = 0;
		};
		8F96F742233F881600BE0F54 /* Resources */ = {
			isa = PBXResourcesBuildPhase;
			buildActionMask = 2147483647;
			files = (
			);
			runOnlyForDeploymentPostprocessing = 0;
		};
/* End PBXResourcesBuildPhase section */

/* Begin PBXSourcesBuildPhase section */
		8F96F72C233F881300BE0F54 /* Sources */ = {
			isa = PBXSourcesBuildPhase;
			buildActionMask = 2147483647;
			files = (
				8F96F736233F881300BE0F54 /* ViewController.swift in Sources */,
				8F96F734233F881300BE0F54 /* AppDelegate.swift in Sources */,
			);
			runOnlyForDeploymentPostprocessing = 0;
		};
		8F96F740233F881600BE0F54 /* Sources */ = {
			isa = PBXSourcesBuildPhase;
			buildActionMask = 2147483647;
			files = (
				8F96F749233F881600BE0F54 /* warminTests.swift in Sources */,
			);
			runOnlyForDeploymentPostprocessing = 0;
		};
/* End PBXSourcesBuildPhase section */

/* Begin PBXTargetDependency section */
		8F96F746233F881600BE0F54 /* PBXTargetDependency */ = {
			isa = PBXTargetDependency;
			target = 8F96F72F233F881300BE0F54 /* warmin */;
			targetProxy = 8F96F745233F881600BE0F54 /* PBXContainerItemProxy */;
		};
/* End PBXTargetDependency section */

/* Begin PBXVariantGroup section */
		8F96F737233F881300BE0F54 /* Main.storyboard */ = {
			isa = PBXVariantGroup;
			children = (
				8F96F738233F881300BE0F54 /* Base */,
			);
			name = Main.storyboard;
			sourceTree = "<group>";
		};
		8F96F73C233F881600BE0F54 /* LaunchScreen.storyboard */ = {
			isa = PBXVariantGroup;
			children = (
				8F96F73D233F881600BE0F54 /* Base */,
			);
			name = LaunchScreen.storyboard;
			sourceTree = "<group>";
		};
/* End PBXVariantGroup section */

/* Begin XCBuildConfiguration section */
		8F96F74B233F881600BE0F54 /* Debug */ = {
			isa = XCBuildConfiguration;
			buildSettings = {
				ALWAYS_SEARCH_USER_PATHS = NO;
				CLANG_ANALYZER_NONNULL = YES;
				CLANG_ANALYZER_NUMBER_OBJECT_CONVERSION = YES_AGGRESSIVE;
				CLANG_CXX_LANGUAGE_STANDARD = "gnu++14";
				CLANG_CXX_LIBRARY = "libc++";
				CLANG_ENABLE_MODULES = YES;
				CLANG_ENABLE_OBJC_ARC = YES;
				CLANG_ENABLE_OBJC_WEAK = YES;
				CLANG_WARN_BLOCK_CAPTURE_AUTORELEASING = YES;
				CLANG_WARN_BOOL_CONVERSION = YES;
				CLANG_WARN_COMMA = YES;
				CLANG_WARN_CONSTANT_CONVERSION = YES;
				CLANG_WARN_DEPRECATED_OBJC_IMPLEMENTATIONS = YES;
				CLANG_WARN_DIRECT_OBJC_ISA_USAGE = YES_ERROR;
				CLANG_WARN_DOCUMENTATION_COMMENTS = YES;
				CLANG_WARN_EMPTY_BODY = YES;
				CLANG_WARN_ENUM_CONVERSION = YES;
				CLANG_WARN_INFINITE_RECURSION = YES;
				CLANG_WARN_INT_CONVERSION = YES;
				CLANG_WARN_NON_LITERAL_NULL_CONVERSION = YES;
				CLANG_WARN_OBJC_IMPLICIT_RETAIN_SELF = YES;
				CLANG_WARN_OBJC_LITERAL_CONVERSION = YES;
				CLANG_WARN_OBJC_ROOT_CLASS = YES_ERROR;
				CLANG_WARN_RANGE_LOOP_ANALYSIS = YES;
				CLANG_WARN_STRICT_PROTOTYPES = YES;
				CLANG_WARN_SUSPICIOUS_MOVE = YES;
				CLANG_WARN_UNGUARDED_AVAILABILITY = YES_AGGRESSIVE;
				CLANG_WARN_UNREACHABLE_CODE = YES;
				CLANG_WARN__DUPLICATE_METHOD_MATCH = YES;
				CODE_SIGN_IDENTITY = "iPhone Developer";
				COPY_PHASE_STRIP = NO;
				DEBUG_INFORMATION_FORMAT = dwarf;
				ENABLE_STRICT_OBJC_MSGSEND = YES;
				ENABLE_TESTABILITY = YES;
				GCC_C_LANGUAGE_STANDARD = gnu11;
				GCC_DYNAMIC_NO_PIC = NO;
				GCC_NO_COMMON_BLOCKS = YES;
				GCC_OPTIMIZATION_LEVEL = 0;
				GCC_PREPROCESSOR_DEFINITIONS = (
					"DEBUG=1",
					"$(inherited)",
				);
				GCC_WARN_64_TO_32_BIT_CONVERSION = YES;
				GCC_WARN_ABOUT_RETURN_TYPE = YES_ERROR;
				GCC_WARN_UNDECLARED_SELECTOR = YES;
				GCC_WARN_UNINITIALIZED_AUTOS = YES_AGGRESSIVE;
				GCC_WARN_UNUSED_FUNCTION = YES;
				GCC_WARN_UNUSED_VARIABLE = YES;
				IPHONEOS_DEPLOYMENT_TARGET = 12.4;
				MTL_ENABLE_DEBUG_INFO = INCLUDE_SOURCE;
				MTL_FAST_MATH = YES;
				ONLY_ACTIVE_ARCH = YES;
				SDKROOT = iphoneos;
				SWIFT_ACTIVE_COMPILATION_CONDITIONS = DEBUG;
				SWIFT_OPTIMIZATION_LEVEL = "-Onone";
			};
			name = Debug;
		};
		8F96F74C233F881600BE0F54 /* Release */ = {
			isa = XCBuildConfiguration;
			buildSettings = {
				ALWAYS_SEARCH_USER_PATHS = NO;
				CLANG_ANALYZER_NONNULL = YES;
				CLANG_ANALYZER_NUMBER_OBJECT_CONVERSION = YES_AGGRESSIVE;
				CLANG_CXX_LANGUAGE_STANDARD = "gnu++14";
				CLANG_CXX_LIBRARY = "libc++";
				CLANG_ENABLE_MODULES = YES;
				CLANG_ENABLE_OBJC_ARC = YES;
				CLANG_ENABLE_OBJC_WEAK = YES;
				CLANG_WARN_BLOCK_CAPTURE_AUTORELEASING = YES;
				CLANG_WARN_BOOL_CONVERSION = YES;
				CLANG_WARN_COMMA = YES;
				CLANG_WARN_CONSTANT_CONVERSION = YES;
				CLANG_WARN_DEPRECATED_OBJC_IMPLEMENTATIONS = YES;
				CLANG_WARN_DIRECT_OBJC_ISA_USAGE = YES_ERROR;
				CLANG_WARN_DOCUMENTATION_COMMENTS = YES;
				CLANG_WARN_EMPTY_BODY = YES;
				CLANG_WARN_ENUM_CONVERSION = YES;
				CLANG_WARN_INFINITE_RECURSION = YES;
				CLANG_WARN_INT_CONVERSION = YES;
				CLANG_WARN_NON_LITERAL_NULL_CONVERSION = YES;
				CLANG_WARN_OBJC_IMPLICIT_RETAIN_SELF = YES;
				CLANG_WARN_OBJC_LITERAL_CONVERSION = YES;
				CLANG_WARN_OBJC_ROOT_CLASS = YES_ERROR;
				CLANG_WARN_RANGE_LOOP_ANALYSIS = YES;
				CLANG_WARN_STRICT_PROTOTYPES = YES;
				CLANG_WARN_SUSPICIOUS_MOVE = YES;
				CLANG_WARN_UNGUARDED_AVAILABILITY = YES_AGGRESSIVE;
				CLANG_WARN_UNREACHABLE_CODE = YES;
				CLANG_WARN__DUPLICATE_METHOD_MATCH = YES;
				CODE_SIGN_IDENTITY = "iPhone Developer";
				COPY_PHASE_STRIP = NO;
				DEBUG_INFORMATION_FORMAT = "dwarf-with-dsym";
				ENABLE_NS_ASSERTIONS = NO;
				ENABLE_STRICT_OBJC_MSGSEND = YES;
				GCC_C_LANGUAGE_STANDARD = gnu11;
				GCC_NO_COMMON_BLOCKS = YES;
				GCC_WARN_64_TO_32_BIT_CONVERSION = YES;
				GCC_WARN_ABOUT_RETURN_TYPE = YES_ERROR;
				GCC_WARN_UNDECLARED_SELECTOR = YES;
				GCC_WARN_UNINITIALIZED_AUTOS = YES_AGGRESSIVE;
				GCC_WARN_UNUSED_FUNCTION = YES;
				GCC_WARN_UNUSED_VARIABLE = YES;
				IPHONEOS_DEPLOYMENT_TARGET = 12.4;
				MTL_ENABLE_DEBUG_INFO = NO;
				MTL_FAST_MATH = YES;
				SDKROOT = iphoneos;
				SWIFT_COMPILATION_MODE = wholemodule;
				SWIFT_OPTIMIZATION_LEVEL = "-O";
				VALIDATE_PRODUCT = YES;
			};
			name = Release;
		};
		8F96F74E233F881600BE0F54 /* Debug */ = {
			isa = XCBuildConfiguration;
			buildSettings = {
				ASSETCATALOG_COMPILER_APPICON_NAME = AppIcon;
				CODE_SIGN_STYLE = Automatic;
				DEVELOPMENT_TEAM = 7YRN9QT437;
				INFOPLIST_FILE = warmin/Info.plist;
				LD_RUNPATH_SEARCH_PATHS = (
					"$(inherited)",
					"@executable_path/Frameworks",
				);
				PRODUCT_BUNDLE_IDENTIFIER = com.kubit.warmin;
				PRODUCT_NAME = "$(TARGET_NAME)";
				SWIFT_VERSION = 5.0;
				TARGETED_DEVICE_FAMILY = "1,2";
			};
			name = Debug;
		};
		8F96F74F233F881600BE0F54 /* Release */ = {
			isa = XCBuildConfiguration;
			buildSettings = {
				ASSETCATALOG_COMPILER_APPICON_NAME = AppIcon;
				CODE_SIGN_STYLE = Automatic;
				DEVELOPMENT_TEAM = 7YRN9QT437;
				INFOPLIST_FILE = warmin/Info.plist;
				LD_RUNPATH_SEARCH_PATHS = (
					"$(inherited)",
					"@executable_path/Frameworks",
				);
				PRODUCT_BUNDLE_IDENTIFIER = com.kubit.warmin;
				PRODUCT_NAME = "$(TARGET_NAME)";
				SWIFT_VERSION = 5.0;
				TARGETED_DEVICE_FAMILY = "1,2";
			};
			name = Release;
		};
		8F96F751233F881600BE0F54 /* Debug */ = {
			isa = XCBuildConfiguration;
			buildSettings = {
				ALWAYS_EMBED_SWIFT_STANDARD_LIBRARIES = YES;
				BUNDLE_LOADER = "$(TEST_HOST)";
				CODE_SIGN_STYLE = Automatic;
				DEVELOPMENT_TEAM = 7YRN9QT437;
				INFOPLIST_FILE = warminTests/Info.plist;
				LD_RUNPATH_SEARCH_PATHS = (
					"$(inherited)",
					"@executable_path/Frameworks",
					"@loader_path/Frameworks",
				);
				PRODUCT_BUNDLE_IDENTIFIER = com.kubit.warminTests;
				PRODUCT_NAME = "$(TARGET_NAME)";
				SWIFT_VERSION = 5.0;
				TARGETED_DEVICE_FAMILY = "1,2";
				TEST_HOST = "$(BUILT_PRODUCTS_DIR)/warmin.app/warmin";
			};
			name = Debug;
		};
		8F96F752233F881600BE0F54 /* Release */ = {
			isa = XCBuildConfiguration;
			buildSettings = {
				ALWAYS_EMBED_SWIFT_STANDARD_LIBRARIES = YES;
				BUNDLE_LOADER = "$(TEST_HOST)";
				CODE_SIGN_STYLE = Automatic;
				DEVELOPMENT_TEAM = 7YRN9QT437;
				INFOPLIST_FILE = warminTests/Info.plist;
				LD_RUNPATH_SEARCH_PATHS = (
					"$(inherited)",
					"@executable_path/Frameworks",
					"@loader_path/Frameworks",
				);
				PRODUCT_BUNDLE_IDENTIFIER = com.kubit.warminTests;
				PRODUCT_NAME = "$(TARGET_NAME)";
				SWIFT_VERSION = 5.0;
				TARGETED_DEVICE_FAMILY = "1,2";
				TEST_HOST = "$(BUILT_PRODUCTS_DIR)/warmin.app/warmin";
			};
			name = Release;
		};
/* End XCBuildConfiguration section */

/* Begin XCConfigurationList section */
		8F96F72B233F881300BE0F54 /* Build configuration list for PBXProject "warmin" */ = {
			isa = XCConfigurationList;
			buildConfigurations = (
				8F96F74B233F881600BE0F54 /* Debug */,
				8F96F74C233F881600BE0F54 /* Release */,
			);
			defaultConfigurationIsVisible = 0;
			defaultConfigurationName = Release;
		};
		8F96F74D233F881600BE0F54 /* Build configuration list for PBXNativeTarget "warmin" */ = {
			isa = XCConfigurationList;
			buildConfigurations = (
				8F96F74E233F881600BE0F54 /* Debug */,
				8F96F74F233F881600BE0F54 /* Release */,
			);
			defaultConfigurationIsVisible = 0;
			defaultConfigurationName = Release;
		};
		8F96F750233F881600BE0F54 /* Build configuration list for PBXNativeTarget "warminTests" */ = {
			isa = XCConfigurationList;
			buildConfigurations = (
				8F96F751233F881600BE0F54 /* Debug */,
				8F96F752233F881600BE0F54 /* Release */,
			);
			defaultConfigurationIsVisible = 0;
			defaultConfigurationName = Release;
		};
/* End XCConfigurationList section */
	};
	rootObject = 8F96F728233F881300BE0F54 /* Project object */;
}
